// !$*UTF8*$!
{
	archiveVersion = 1;
	classes = {
	};
	objectVersion = 50;
	objects = {

/* Begin PBXBuildFile section */
		ACDFF047212CD46400D7B7EC /* CompraTableViewCell.swift in Sources */ = {isa = PBXBuildFile; fileRef = ACDFF046212CD46400D7B7EC /* CompraTableViewCell.swift */; };
		ACDFF049212CDBF800D7B7EC /* UIViewController+CoreData.swift in Sources */ = {isa = PBXBuildFile; fileRef = ACDFF048212CDBF800D7B7EC /* UIViewController+CoreData.swift */; };
		ACDFF04B212CE8D500D7B7EC /* RegistraAtualizaCompraViewController.swift in Sources */ = {isa = PBXBuildFile; fileRef = ACDFF04A212CE8D500D7B7EC /* RegistraAtualizaCompraViewController.swift */; };
		D91BE383212CB094000CDE68 /* AppDelegate.swift in Sources */ = {isa = PBXBuildFile; fileRef = D91BE382212CB094000CDE68 /* AppDelegate.swift */; };
		D91BE385212CB094000CDE68 /* ViewController.swift in Sources */ = {isa = PBXBuildFile; fileRef = D91BE384212CB094000CDE68 /* ViewController.swift */; };
		D91BE388212CB094000CDE68 /* Main.storyboard in Resources */ = {isa = PBXBuildFile; fileRef = D91BE386212CB094000CDE68 /* Main.storyboard */; };
		D91BE38B212CB095000CDE68 /* ComprasUSA.xcdatamodeld in Sources */ = {isa = PBXBuildFile; fileRef = D91BE389212CB095000CDE68 /* ComprasUSA.xcdatamodeld */; };
		D91BE38D212CB0A3000CDE68 /* Assets.xcassets in Resources */ = {isa = PBXBuildFile; fileRef = D91BE38C212CB0A3000CDE68 /* Assets.xcassets */; };
		D91BE390212CB0A3000CDE68 /* LaunchScreen.storyboard in Resources */ = {isa = PBXBuildFile; fileRef = D91BE38E212CB0A3000CDE68 /* LaunchScreen.storyboard */; };
		D91BE398212CB1D2000CDE68 /* ComprasTableViewController.swift in Sources */ = {isa = PBXBuildFile; fileRef = D91BE397212CB1D2000CDE68 /* ComprasTableViewController.swift */; };
		D92EC16A212EE7A700086628 /* SettingsViewController.swift in Sources */ = {isa = PBXBuildFile; fileRef = D92EC169212EE7A700086628 /* SettingsViewController.swift */; };
		D990B576213046500079A299 /* Produto+Estados.swift in Sources */ = {isa = PBXBuildFile; fileRef = D990B575213046500079A299 /* Produto+Estados.swift */; };
/* End PBXBuildFile section */

/* Begin PBXFileReference section */
		ACDFF046212CD46400D7B7EC /* CompraTableViewCell.swift */ = {isa = PBXFileReference; lastKnownFileType = sourcecode.swift; path = CompraTableViewCell.swift; sourceTree = "<group>"; };
		ACDFF048212CDBF800D7B7EC /* UIViewController+CoreData.swift */ = {isa = PBXFileReference; lastKnownFileType = sourcecode.swift; path = "UIViewController+CoreData.swift"; sourceTree = "<group>"; };
		ACDFF04A212CE8D500D7B7EC /* RegistraAtualizaCompraViewController.swift */ = {isa = PBXFileReference; lastKnownFileType = sourcecode.swift; path = RegistraAtualizaCompraViewController.swift; sourceTree = "<group>"; };
		D91BE37F212CB094000CDE68 /* ComprasUSA.app */ = {isa = PBXFileReference; explicitFileType = wrapper.application; includeInIndex = 0; path = ComprasUSA.app; sourceTree = BUILT_PRODUCTS_DIR; };
		D91BE382212CB094000CDE68 /* AppDelegate.swift */ = {isa = PBXFileReference; lastKnownFileType = sourcecode.swift; path = AppDelegate.swift; sourceTree = "<group>"; };
		D91BE384212CB094000CDE68 /* ViewController.swift */ = {isa = PBXFileReference; lastKnownFileType = sourcecode.swift; path = ViewController.swift; sourceTree = "<group>"; };
		D91BE387212CB094000CDE68 /* Base */ = {isa = PBXFileReference; lastKnownFileType = file.storyboard; name = Base; path = Base.lproj/Main.storyboard; sourceTree = "<group>"; };
		D91BE38A212CB095000CDE68 /* ComprasUSA.xcdatamodel */ = {isa = PBXFileReference; lastKnownFileType = wrapper.xcdatamodel; path = ComprasUSA.xcdatamodel; sourceTree = "<group>"; };
		D91BE38C212CB0A3000CDE68 /* Assets.xcassets */ = {isa = PBXFileReference; lastKnownFileType = folder.assetcatalog; path = Assets.xcassets; sourceTree = "<group>"; };
		D91BE38F212CB0A3000CDE68 /* Base */ = {isa = PBXFileReference; lastKnownFileType = file.storyboard; name = Base; path = Base.lproj/LaunchScreen.storyboard; sourceTree = "<group>"; };
		D91BE391212CB0A3000CDE68 /* Info.plist */ = {isa = PBXFileReference; lastKnownFileType = text.plist.xml; path = Info.plist; sourceTree = "<group>"; };
		D91BE397212CB1D2000CDE68 /* ComprasTableViewController.swift */ = {isa = PBXFileReference; lastKnownFileType = sourcecode.swift; path = ComprasTableViewController.swift; sourceTree = "<group>"; };
		D92EC169212EE7A700086628 /* SettingsViewController.swift */ = {isa = PBXFileReference; lastKnownFileType = sourcecode.swift; path = SettingsViewController.swift; sourceTree = "<group>"; };
		D990B575213046500079A299 /* Produto+Estados.swift */ = {isa = PBXFileReference; lastKnownFileType = sourcecode.swift; path = "Produto+Estados.swift"; sourceTree = "<group>"; };
/* End PBXFileReference section */

/* Begin PBXFrameworksBuildPhase section */
		D91BE37C212CB094000CDE68 /* Frameworks */ = {
			isa = PBXFrameworksBuildPhase;
			buildActionMask = 2147483647;
			files = (
			);
			runOnlyForDeploymentPostprocessing = 0;
		};
/* End PBXFrameworksBuildPhase section */

/* Begin PBXGroup section */
		D91BE376212CB094000CDE68 = {
			isa = PBXGroup;
			children = (
				D91BE381212CB094000CDE68 /* ComprasUSA */,
				D91BE380212CB094000CDE68 /* Products */,
			);
			sourceTree = "<group>";
		};
		D91BE380212CB094000CDE68 /* Products */ = {
			isa = PBXGroup;
			children = (
				D91BE37F212CB094000CDE68 /* ComprasUSA.app */,
			);
			name = Products;
			sourceTree = "<group>";
		};
		D91BE381212CB094000CDE68 /* ComprasUSA */ = {
			isa = PBXGroup;
			children = (
				D91BE382212CB094000CDE68 /* AppDelegate.swift */,
				D91BE384212CB094000CDE68 /* ViewController.swift */,
				D91BE386212CB094000CDE68 /* Main.storyboard */,
				D92EC169212EE7A700086628 /* SettingsViewController.swift */,
				ACDFF04A212CE8D500D7B7EC /* RegistraAtualizaCompraViewController.swift */,
				D91BE397212CB1D2000CDE68 /* ComprasTableViewController.swift */,
				ACDFF048212CDBF800D7B7EC /* UIViewController+CoreData.swift */,
				ACDFF046212CD46400D7B7EC /* CompraTableViewCell.swift */,
				D91BE38C212CB0A3000CDE68 /* Assets.xcassets */,
				D91BE38E212CB0A3000CDE68 /* LaunchScreen.storyboard */,
				D91BE391212CB0A3000CDE68 /* Info.plist */,
				D91BE389212CB095000CDE68 /* ComprasUSA.xcdatamodeld */,
				D990B575213046500079A299 /* Produto+Estados.swift */,
			);
			path = ComprasUSA;
			sourceTree = "<group>";
		};
/* End PBXGroup section */

/* Begin PBXNativeTarget section */
		D91BE37E212CB094000CDE68 /* ComprasUSA */ = {
			isa = PBXNativeTarget;
			buildConfigurationList = D91BE394212CB0A3000CDE68 /* Build configuration list for PBXNativeTarget "ComprasUSA" */;
			buildPhases = (
				D91BE37B212CB094000CDE68 /* Sources */,
				D91BE37C212CB094000CDE68 /* Frameworks */,
				D91BE37D212CB094000CDE68 /* Resources */,
			);
			buildRules = (
			);
			dependencies = (
			);
			name = ComprasUSA;
			productName = ComprasUSA;
			productReference = D91BE37F212CB094000CDE68 /* ComprasUSA.app */;
			productType = "com.apple.product-type.application";
		};
/* End PBXNativeTarget section */

/* Begin PBXProject section */
		D91BE377212CB094000CDE68 /* Project object */ = {
			isa = PBXProject;
			attributes = {
				LastSwiftUpdateCheck = 0930;
				LastUpgradeCheck = 0930;
				ORGANIZATIONNAME = FIAP;
				TargetAttributes = {
					D91BE37E212CB094000CDE68 = {
						CreatedOnToolsVersion = 9.3.1;
					};
				};
			};
			buildConfigurationList = D91BE37A212CB094000CDE68 /* Build configuration list for PBXProject "ComprasUSA" */;
			compatibilityVersion = "Xcode 9.3";
			developmentRegion = en;
			hasScannedForEncodings = 0;
			knownRegions = (
				en,
				Base,
			);
			mainGroup = D91BE376212CB094000CDE68;
			productRefGroup = D91BE380212CB094000CDE68 /* Products */;
			projectDirPath = "";
			projectRoot = "";
			targets = (
				D91BE37E212CB094000CDE68 /* ComprasUSA */,
			);
		};
/* End PBXProject section */

/* Begin PBXResourcesBuildPhase section */
		D91BE37D212CB094000CDE68 /* Resources */ = {
			isa = PBXResourcesBuildPhase;
			buildActionMask = 2147483647;
			files = (
				D91BE390212CB0A3000CDE68 /* LaunchScreen.storyboard in Resources */,
				D91BE38D212CB0A3000CDE68 /* Assets.xcassets in Resources */,
				D91BE388212CB094000CDE68 /* Main.storyboard in Resources */,
			);
			runOnlyForDeploymentPostprocessing = 0;
		};
/* End PBXResourcesBuildPhase section */

/* Begin PBXSourcesBuildPhase section */
		D91BE37B212CB094000CDE68 /* Sources */ = {
			isa = PBXSourcesBuildPhase;
			buildActionMask = 2147483647;
			files = (
				D990B576213046500079A299 /* Produto+Estados.swift in Sources */,
				ACDFF04B212CE8D500D7B7EC /* RegistraAtualizaCompraViewController.swift in Sources */,
				D91BE385212CB094000CDE68 /* ViewController.swift in Sources */,
				D91BE38B212CB095000CDE68 /* ComprasUSA.xcdatamodeld in Sources */,
				D91BE398212CB1D2000CDE68 /* ComprasTableViewController.swift in Sources */,
				ACDFF049212CDBF800D7B7EC /* UIViewController+CoreData.swift in Sources */,
				D91BE383212CB094000CDE68 /* AppDelegate.swift in Sources */,
				ACDFF047212CD46400D7B7EC /* CompraTableViewCell.swift in Sources */,
				D92EC16A212EE7A700086628 /* SettingsViewController.swift in Sources */,
			);
			runOnlyForDeploymentPostprocessing = 0;
		};
/* End PBXSourcesBuildPhase section */

/* Begin PBXVariantGroup section */
		D91BE386212CB094000CDE68 /* Main.storyboard */ = {
			isa = PBXVariantGroup;
			children = (
				D91BE387212CB094000CDE68 /* Base */,
			);
			name = Main.storyboard;
			sourceTree = "<group>";
		};
		D91BE38E212CB0A3000CDE68 /* LaunchScreen.storyboard */ = {
			isa = PBXVariantGroup;
			children = (
				D91BE38F212CB0A3000CDE68 /* Base */,
			);
			name = LaunchScreen.storyboard;
			sourceTree = "<group>";
		};
/* End PBXVariantGroup section */

/* Begin XCBuildConfiguration section */
		D91BE392212CB0A3000CDE68 /* Debug */ = {
			isa = XCBuildConfiguration;
			buildSettings = {
				ALWAYS_SEARCH_USER_PATHS = NO;
				CLANG_ANALYZER_NONNULL = YES;
				CLANG_ANALYZER_NUMBER_OBJECT_CONVERSION = YES_AGGRESSIVE;
				CLANG_CXX_LANGUAGE_STANDARD = "gnu++14";
				CLANG_CXX_LIBRARY = "libc++";
				CLANG_ENABLE_MODULES = YES;
				CLANG_ENABLE_OBJC_ARC = YES;
				CLANG_ENABLE_OBJC_WEAK = YES;
				CLANG_WARN_BLOCK_CAPTURE_AUTORELEASING = YES;
				CLANG_WARN_BOOL_CONVERSION = YES;
				CLANG_WARN_COMMA = YES;
				CLANG_WARN_CONSTANT_CONVERSION = YES;
				CLANG_WARN_DEPRECATED_OBJC_IMPLEMENTATIONS = YES;
				CLANG_WARN_DIRECT_OBJC_ISA_USAGE = YES_ERROR;
				CLANG_WARN_DOCUMENTATION_COMMENTS = YES;
				CLANG_WARN_EMPTY_BODY = YES;
				CLANG_WARN_ENUM_CONVERSION = YES;
				CLANG_WARN_INFINITE_RECURSION = YES;
				CLANG_WARN_INT_CONVERSION = YES;
				CLANG_WARN_NON_LITERAL_NULL_CONVERSION = YES;
				CLANG_WARN_OBJC_IMPLICIT_RETAIN_SELF = YES;
				CLANG_WARN_OBJC_LITERAL_CONVERSION = YES;
				CLANG_WARN_OBJC_ROOT_CLASS = YES_ERROR;
				CLANG_WARN_RANGE_LOOP_ANALYSIS = YES;
				CLANG_WARN_STRICT_PROTOTYPES = YES;
				CLANG_WARN_SUSPICIOUS_MOVE = YES;
				CLANG_WARN_UNGUARDED_AVAILABILITY = YES_AGGRESSIVE;
				CLANG_WARN_UNREACHABLE_CODE = YES;
				CLANG_WARN__DUPLICATE_METHOD_MATCH = YES;
				CODE_SIGN_IDENTITY = "iPhone Developer";
				COPY_PHASE_STRIP = NO;
				DEBUG_INFORMATION_FORMAT = dwarf;
				ENABLE_STRICT_OBJC_MSGSEND = YES;
				ENABLE_TESTABILITY = YES;
				GCC_C_LANGUAGE_STANDARD = gnu11;
				GCC_DYNAMIC_NO_PIC = NO;
				GCC_NO_COMMON_BLOCKS = YES;
				GCC_OPTIMIZATION_LEVEL = 0;
				GCC_PREPROCESSOR_DEFINITIONS = (
					"DEBUG=1",
					"$(inherited)",
				);
				GCC_WARN_64_TO_32_BIT_CONVERSION = YES;
				GCC_WARN_ABOUT_RETURN_TYPE = YES_ERROR;
				GCC_WARN_UNDECLARED_SELECTOR = YES;
				GCC_WARN_UNINITIALIZED_AUTOS = YES_AGGRESSIVE;
				GCC_WARN_UNUSED_FUNCTION = YES;
				GCC_WARN_UNUSED_VARIABLE = YES;
				IPHONEOS_DEPLOYMENT_TARGET = 11.3;
				MTL_ENABLE_DEBUG_INFO = YES;
				ONLY_ACTIVE_ARCH = YES;
				SDKROOT = iphoneos;
				SWIFT_ACTIVE_COMPILATION_CONDITIONS = DEBUG;
				SWIFT_OPTIMIZATION_LEVEL = "-Onone";
			};
			name = Debug;
		};
		D91BE393212CB0A3000CDE68 /* Release */ = {
			isa = XCBuildConfiguration;
			buildSettings = {
				ALWAYS_SEARCH_USER_PATHS = NO;
				CLANG_ANALYZER_NONNULL = YES;
				CLANG_ANALYZER_NUMBER_OBJECT_CONVERSION = YES_AGGRESSIVE;
				CLANG_CXX_LANGUAGE_STANDARD = "gnu++14";
				CLANG_CXX_LIBRARY = "libc++";
				CLANG_ENABLE_MODULES = YES;
				CLANG_ENABLE_OBJC_ARC = YES;
				CLANG_ENABLE_OBJC_WEAK = YES;
				CLANG_WARN_BLOCK_CAPTURE_AUTORELEASING = YES;
				CLANG_WARN_BOOL_CONVERSION = YES;
				CLANG_WARN_COMMA = YES;
				CLANG_WARN_CONSTANT_CONVERSION = YES;
				CLANG_WARN_DEPRECATED_OBJC_IMPLEMENTATIONS = YES;
				CLANG_WARN_DIRECT_OBJC_ISA_USAGE = YES_ERROR;
				CLANG_WARN_DOCUMENTATION_COMMENTS = YES;
				CLANG_WARN_EMPTY_BODY = YES;
				CLANG_WARN_ENUM_CONVERSION = YES;
				CLANG_WARN_INFINITE_RECURSION = YES;
				CLANG_WARN_INT_CONVERSION = YES;
				CLANG_WARN_NON_LITERAL_NULL_CONVERSION = YES;
				CLANG_WARN_OBJC_IMPLICIT_RETAIN_SELF = YES;
				CLANG_WARN_OBJC_LITERAL_CONVERSION = YES;
				CLANG_WARN_OBJC_ROOT_CLASS = YES_ERROR;
				CLANG_WARN_RANGE_LOOP_ANALYSIS = YES;
				CLANG_WARN_STRICT_PROTOTYPES = YES;
				CLANG_WARN_SUSPICIOUS_MOVE = YES;
				CLANG_WARN_UNGUARDED_AVAILABILITY = YES_AGGRESSIVE;
				CLANG_WARN_UNREACHABLE_CODE = YES;
				CLANG_WARN__DUPLICATE_METHOD_MATCH = YES;
				CODE_SIGN_IDENTITY = "iPhone Developer";
				COPY_PHASE_STRIP = NO;
				DEBUG_INFORMATION_FORMAT = "dwarf-with-dsym";
				ENABLE_NS_ASSERTIONS = NO;
				ENABLE_STRICT_OBJC_MSGSEND = YES;
				GCC_C_LANGUAGE_STANDARD = gnu11;
				GCC_NO_COMMON_BLOCKS = YES;
				GCC_WARN_64_TO_32_BIT_CONVERSION = YES;
				GCC_WARN_ABOUT_RETURN_TYPE = YES_ERROR;
				GCC_WARN_UNDECLARED_SELECTOR = YES;
				GCC_WARN_UNINITIALIZED_AUTOS = YES_AGGRESSIVE;
				GCC_WARN_UNUSED_FUNCTION = YES;
				GCC_WARN_UNUSED_VARIABLE = YES;
				IPHONEOS_DEPLOYMENT_TARGET = 11.3;
				MTL_ENABLE_DEBUG_INFO = NO;
				SDKROOT = iphoneos;
				SWIFT_COMPILATION_MODE = wholemodule;
				SWIFT_OPTIMIZATION_LEVEL = "-O";
				VALIDATE_PRODUCT = YES;
			};
			name = Release;
		};
		D91BE395212CB0A3000CDE68 /* Debug */ = {
			isa = XCBuildConfiguration;
			buildSettings = {
				ASSETCATALOG_COMPILER_APPICON_NAME = AppIcon;
				CODE_SIGN_STYLE = Automatic;
				INFOPLIST_FILE = ComprasUSA/Info.plist;
				LD_RUNPATH_SEARCH_PATHS = (
					"$(inherited)",
					"@executable_path/Frameworks",
				);
				PRODUCT_BUNDLE_IDENTIFIER = br.com.fiap.Rafael.ComprasUSA;
				PRODUCT_NAME = "$(TARGET_NAME)";
				SWIFT_VERSION = 4.0;
				TARGETED_DEVICE_FAMILY = "1,2";
			};
			name = Debug;
		};
		D91BE396212CB0A3000CDE68 /* Release */ = {
			isa = XCBuildConfiguration;
			buildSettings = {
				ASSETCATALOG_COMPILER_APPICON_NAME = AppIcon;
				CODE_SIGN_STYLE = Automatic;
				INFOPLIST_FILE = ComprasUSA/Info.plist;
				LD_RUNPATH_SEARCH_PATHS = (
					"$(inherited)",
					"@executable_path/Frameworks",
				);
				PRODUCT_BUNDLE_IDENTIFIER = br.com.fiap.Rafael.ComprasUSA;
				PRODUCT_NAME = "$(TARGET_NAME)";
				SWIFT_VERSION = 4.0;
				TARGETED_DEVICE_FAMILY = "1,2";
			};
			name = Release;
		};
/* End XCBuildConfiguration section */

/* Begin XCConfigurationList section */
		D91BE37A212CB094000CDE68 /* Build configuration list for PBXProject "ComprasUSA" */ = {
			isa = XCConfigurationList;
			buildConfigurations = (
				D91BE392212CB0A3000CDE68 /* Debug */,
				D91BE393212CB0A3000CDE68 /* Release */,
			);
			defaultConfigurationIsVisible = 0;
			defaultConfigurationName = Release;
		};
		D91BE394212CB0A3000CDE68 /* Build configuration list for PBXNativeTarget "ComprasUSA" */ = {
			isa = XCConfigurationList;
			buildConfigurations = (
				D91BE395212CB0A3000CDE68 /* Debug */,
				D91BE396212CB0A3000CDE68 /* Release */,
			);
			defaultConfigurationIsVisible = 0;
			defaultConfigurationName = Release;
		};
/* End XCConfigurationList section */

/* Begin XCVersionGroup section */
		D91BE389212CB095000CDE68 /* ComprasUSA.xcdatamodeld */ = {
			isa = XCVersionGroup;
			children = (
				D91BE38A212CB095000CDE68 /* ComprasUSA.xcdatamodel */,
			);
			currentVersion = D91BE38A212CB095000CDE68 /* ComprasUSA.xcdatamodel */;
			path = ComprasUSA.xcdatamodeld;
			sourceTree = "<group>";
			versionGroupType = wrapper.xcdatamodel;
		};
/* End XCVersionGroup section */
	};
	rootObject = D91BE377212CB094000CDE68 /* Project object */;
}
